
Microsoft Visual Studio Solution File, Format Version 12.00
# Visual Studio Version 17
VisualStudioVersion = 17.3.32929.385
MinimumVisualStudioVersion = 10.0.40219.1
Project("{9A19103F-16F7-4668-BE54-9A1E7A4F7556}") = "STGP-Sharp", "STGP-Sharp.csproj", "{4A66B8CE-2F0F-4144-BD84-DED3BFE734C5}"
EndProject
Global
	GlobalSection(SolutionConfigurationPlatforms) = preSolution
		Debug|Any CPU = Debug|Any CPU
		Release|Any CPU = Release|Any CPU
	EndGlobalSection
	GlobalSection(ProjectConfigurationPlatforms) = postSolution
		{4A66B8CE-2F0F-4144-BD84-DED3BFE734C5}.Debug|Any CPU.ActiveCfg = Debug|Any CPU
		{4A66B8CE-2F0F-4144-BD84-DED3BFE734C5}.Debug|Any CPU.Build.0 = Debug|Any CPU
		{4A66B8CE-2F0F-4144-BD84-DED3BFE734C5}.Release|Any CPU.ActiveCfg = Release|Any CPU
		{4A66B8CE-2F0F-4144-BD84-DED3BFE734C5}.Release|Any CPU.Build.0 = Release|Any CPU
	EndGlobalSection
	GlobalSection(SolutionProperties) = preSolution
		HideSolutionNode = FALSE
	EndGlobalSection
	GlobalSection(ExtensibilityGlobals) = postSolution
		SolutionGuid = {48F942CA-7054-45E2-844C-97E479A502AF}
	EndGlobalSection
EndGlobal
